
Microsoft Visual Studio Solution File, Format Version 12.00
# Visual Studio 15
VisualStudioVersion = 15.0.28307.136
MinimumVisualStudioVersion = 10.0.40219.1
Project("{FAE04EC0-301F-11D3-BF4B-00C04F79EFBC}") = "DemoApp", "DemoApp\DemoApp.csproj", "{C73CC77F-7BF8-4FFC-AED7-1471CB007823}"
EndProject
Global
	GlobalSection(SolutionConfigurationPlatforms) = preSolution
		Debug|Any CPU = Debug|Any CPU
		Release|Any CPU = Release|Any CPU
	EndGlobalSection
	GlobalSection(ProjectConfigurationPlatforms) = postSolution
		{C73CC77F-7BF8-4FFC-AED7-1471CB007823}.Debug|Any CPU.ActiveCfg = Debug|Any CPU
		{C73CC77F-7BF8-4FFC-AED7-1471CB007823}.Debug|Any CPU.Build.0 = Debug|Any CPU
		{C73CC77F-7BF8-4FFC-AED7-1471CB007823}.Release|Any CPU.ActiveCfg = Release|Any CPU
		{C73CC77F-7BF8-4FFC-AED7-1471CB007823}.Release|Any CPU.Build.0 = Release|Any CPU
	EndGlobalSection
	GlobalSection(SolutionProperties) = preSolution
		HideSolutionNode = FALSE
	EndGlobalSection
	GlobalSection(ExtensibilityGlobals) = postSolution
		SolutionGuid = {6611770D-52EA-489A-BD7C-66F1D1981EF2}
	EndGlobalSection
EndGlobal
