
Microsoft Visual Studio Solution File, Format Version 12.00
# Visual Studio 15
VisualStudioVersion = 15.0.28010.2046
MinimumVisualStudioVersion = 10.0.40219.1
Project("{FAE04EC0-301F-11D3-BF4B-00C04F79EFBC}") = "HeadFirst2", "HeadFirst2\HeadFirst2.csproj", "{8FBC4E56-D64D-4DCB-BAB1-E9161A62E716}"
EndProject
Global
	GlobalSection(SolutionConfigurationPlatforms) = preSolution
		Debug|Any CPU = Debug|Any CPU
		Release|Any CPU = Release|Any CPU
	EndGlobalSection
	GlobalSection(ProjectConfigurationPlatforms) = postSolution
		{8FBC4E56-D64D-4DCB-BAB1-E9161A62E716}.Debug|Any CPU.ActiveCfg = Debug|Any CPU
		{8FBC4E56-D64D-4DCB-BAB1-E9161A62E716}.Debug|Any CPU.Build.0 = Debug|Any CPU
		{8FBC4E56-D64D-4DCB-BAB1-E9161A62E716}.Release|Any CPU.ActiveCfg = Release|Any CPU
		{8FBC4E56-D64D-4DCB-BAB1-E9161A62E716}.Release|Any CPU.Build.0 = Release|Any CPU
	EndGlobalSection
	GlobalSection(SolutionProperties) = preSolution
		HideSolutionNode = FALSE
	EndGlobalSection
	GlobalSection(ExtensibilityGlobals) = postSolution
		SolutionGuid = {07C9FE8F-1416-40C4-9B9F-2FA605D47F87}
	EndGlobalSection
EndGlobal
