
Microsoft Visual Studio Solution File, Format Version 12.00
# Visual Studio 15
VisualStudioVersion = 15.0.28010.2046
MinimumVisualStudioVersion = 10.0.40219.1
Project("{FAE04EC0-301F-11D3-BF4B-00C04F79EFBC}") = "HeadFirst6", "HeadFirst6\HeadFirst6.csproj", "{DCEBD04C-33F4-4ABA-882C-31629860E4CB}"
EndProject
Global
	GlobalSection(SolutionConfigurationPlatforms) = preSolution
		Debug|Any CPU = Debug|Any CPU
		Release|Any CPU = Release|Any CPU
	EndGlobalSection
	GlobalSection(ProjectConfigurationPlatforms) = postSolution
		{DCEBD04C-33F4-4ABA-882C-31629860E4CB}.Debug|Any CPU.ActiveCfg = Debug|Any CPU
		{DCEBD04C-33F4-4ABA-882C-31629860E4CB}.Debug|Any CPU.Build.0 = Debug|Any CPU
		{DCEBD04C-33F4-4ABA-882C-31629860E4CB}.Release|Any CPU.ActiveCfg = Release|Any CPU
		{DCEBD04C-33F4-4ABA-882C-31629860E4CB}.Release|Any CPU.Build.0 = Release|Any CPU
	EndGlobalSection
	GlobalSection(SolutionProperties) = preSolution
		HideSolutionNode = FALSE
	EndGlobalSection
	GlobalSection(ExtensibilityGlobals) = postSolution
		SolutionGuid = {124E7B89-1288-4953-8B68-2C513B0ECC6B}
	EndGlobalSection
EndGlobal
